{
  "object": {
    "pins": [
      {
        "package": "Realm",
        "repositoryURL": "https://github.com/realm/realm-cocoa.git",
        "state": {
          "branch": null,
          "revision": "e7e7f072a1571435049683ca43c51501de2612fd",
          "version": "10.14.0"
        }
      },
      {
        "package": "RealmDatabase",
        "repositoryURL": "https://github.com/realm/realm-core",
        "state": {
          "branch": null,
          "revision": "fdb2157346dcdf0c2677b3608d9a4c30315fa7f0",
          "version": "11.3.1"
        }
      }
    ]
  },
  "version": 1
}
